
Microsoft Visual Studio Solution File, Format Version 12.00
# Visual Studio 15
VisualStudioVersion = 15.0.27130.2020
MinimumVisualStudioVersion = 10.0.40219.1
Project("{FAE04EC0-301F-11D3-BF4B-00C04F79EFBC}") = "ServiceBusQueue", "ServiceBusQueue\ServiceBusQueue.csproj", "{D7E6CE58-C3B8-462B-8402-BB59F2D6115A}"
EndProject
Global
	GlobalSection(SolutionConfigurationPlatforms) = preSolution
		Debug|Any CPU = Debug|Any CPU
		Release|Any CPU = Release|Any CPU
	EndGlobalSection
	GlobalSection(ProjectConfigurationPlatforms) = postSolution
		{D7E6CE58-C3B8-462B-8402-BB59F2D6115A}.Debug|Any CPU.ActiveCfg = Debug|Any CPU
		{D7E6CE58-C3B8-462B-8402-BB59F2D6115A}.Debug|Any CPU.Build.0 = Debug|Any CPU
		{D7E6CE58-C3B8-462B-8402-BB59F2D6115A}.Release|Any CPU.ActiveCfg = Release|Any CPU
		{D7E6CE58-C3B8-462B-8402-BB59F2D6115A}.Release|Any CPU.Build.0 = Release|Any CPU
	EndGlobalSection
	GlobalSection(SolutionProperties) = preSolution
		HideSolutionNode = FALSE
	EndGlobalSection
	GlobalSection(ExtensibilityGlobals) = postSolution
		SolutionGuid = {7B168AC1-E8D2-4DE4-8549-087C465F1B22}
	EndGlobalSection
EndGlobal
