
Microsoft Visual Studio Solution File, Format Version 12.00
# Visual Studio 15
VisualStudioVersion = 15.0.27130.2020
MinimumVisualStudioVersion = 10.0.40219.1
Project("{FAE04EC0-301F-11D3-BF4B-00C04F79EFBC}") = "AzureTopicReader", "AzureTopicReader\AzureTopicReader.csproj", "{20100664-1298-43E6-AB45-6F23A735F875}"
EndProject
Global
	GlobalSection(SolutionConfigurationPlatforms) = preSolution
		Debug|Any CPU = Debug|Any CPU
		Release|Any CPU = Release|Any CPU
	EndGlobalSection
	GlobalSection(ProjectConfigurationPlatforms) = postSolution
		{20100664-1298-43E6-AB45-6F23A735F875}.Debug|Any CPU.ActiveCfg = Debug|Any CPU
		{20100664-1298-43E6-AB45-6F23A735F875}.Debug|Any CPU.Build.0 = Debug|Any CPU
		{20100664-1298-43E6-AB45-6F23A735F875}.Release|Any CPU.ActiveCfg = Release|Any CPU
		{20100664-1298-43E6-AB45-6F23A735F875}.Release|Any CPU.Build.0 = Release|Any CPU
	EndGlobalSection
	GlobalSection(SolutionProperties) = preSolution
		HideSolutionNode = FALSE
	EndGlobalSection
	GlobalSection(ExtensibilityGlobals) = postSolution
		SolutionGuid = {4940039F-78E6-4EDD-8F35-6DE84C3F451F}
	EndGlobalSection
EndGlobal
